
Microsoft Visual Studio Solution File, Format Version 12.00
Project("{FAE04EC0-301F-11D3-BF4B-00C04F79EFBC}") = "webapi", "webapi\webapi.csproj", "{B99BB7E6-A73F-4B6C-BBC5-612BCE5F3B0E}"
EndProject
Project("{FAE04EC0-301F-11D3-BF4B-00C04F79EFBC}") = "persistence", "persistence\persistence.csproj", "{D6D03747-7CBF-482C-BA9A-D077853CEEE2}"
EndProject
Project("{FAE04EC0-301F-11D3-BF4B-00C04F79EFBC}") = "domain", "domain\domain.csproj", "{7F9611DE-8328-4407-9F7D-528923BA3746}"
EndProject
Global
	GlobalSection(SolutionConfigurationPlatforms) = preSolution
		Debug|Any CPU = Debug|Any CPU
		Release|Any CPU = Release|Any CPU
	EndGlobalSection
	GlobalSection(ProjectConfigurationPlatforms) = postSolution
		{B99BB7E6-A73F-4B6C-BBC5-612BCE5F3B0E}.Debug|Any CPU.ActiveCfg = Debug|Any CPU
		{B99BB7E6-A73F-4B6C-BBC5-612BCE5F3B0E}.Debug|Any CPU.Build.0 = Debug|Any CPU
		{B99BB7E6-A73F-4B6C-BBC5-612BCE5F3B0E}.Release|Any CPU.ActiveCfg = Release|Any CPU
		{B99BB7E6-A73F-4B6C-BBC5-612BCE5F3B0E}.Release|Any CPU.Build.0 = Release|Any CPU
		{D6D03747-7CBF-482C-BA9A-D077853CEEE2}.Debug|Any CPU.ActiveCfg = Debug|Any CPU
		{D6D03747-7CBF-482C-BA9A-D077853CEEE2}.Debug|Any CPU.Build.0 = Debug|Any CPU
		{D6D03747-7CBF-482C-BA9A-D077853CEEE2}.Release|Any CPU.ActiveCfg = Release|Any CPU
		{D6D03747-7CBF-482C-BA9A-D077853CEEE2}.Release|Any CPU.Build.0 = Release|Any CPU
		{7F9611DE-8328-4407-9F7D-528923BA3746}.Debug|Any CPU.ActiveCfg = Debug|Any CPU
		{7F9611DE-8328-4407-9F7D-528923BA3746}.Debug|Any CPU.Build.0 = Debug|Any CPU
		{7F9611DE-8328-4407-9F7D-528923BA3746}.Release|Any CPU.ActiveCfg = Release|Any CPU
		{7F9611DE-8328-4407-9F7D-528923BA3746}.Release|Any CPU.Build.0 = Release|Any CPU
	EndGlobalSection
EndGlobal
